
Microsoft Visual Studio Solution File, Format Version 12.00
# Visual Studio Version 17
Project("{2150E333-8FDC-42A3-9474-1A3956D46DE8}") = "CMakePredefinedTargets", "CMakePredefinedTargets", "{9A75B528-5ABC-37D7-A0F8-DB70543E9CA9}"
EndProject
Project("{2150E333-8FDC-42A3-9474-1A3956D46DE8}") = "CTestDashboardTargets", "CTestDashboardTargets", "{933D9D97-E50F-31D6-9151-16C5D7888F81}"
EndProject
Project("{8BC9CEB8-8B4A-11D0-8D11-00A0C91BC942}") = "ALL_BUILD", "ALL_BUILD.vcxproj", "{394EC5E7-914E-3FAD-BDF0-49D2C8E2806D}"
	ProjectSection(ProjectDependencies) = postProject
		{F38826B0-F389-3500-88A3-D41AF4CF856A} = {F38826B0-F389-3500-88A3-D41AF4CF856A}
		{604E6A4A-9521-3611-AE0A-AC5844880D49} = {604E6A4A-9521-3611-AE0A-AC5844880D49}
		{B9699727-0A0D-39D2-A643-544CC735B770} = {B9699727-0A0D-39D2-A643-544CC735B770}
		{5926A745-C5C4-3CFE-9C7A-283A2670671A} = {5926A745-C5C4-3CFE-9C7A-283A2670671A}
		{7A347D23-BC96-385A-90E1-12A861C4F77F} = {7A347D23-BC96-385A-90E1-12A861C4F77F}
		{ADA18446-6230-3DEF-8D88-201C21903065} = {ADA18446-6230-3DEF-8D88-201C21903065}
		{0A097DA0-E07D-3256-B911-F051357AF6FA} = {0A097DA0-E07D-3256-B911-F051357AF6FA}
		{764DFC44-06F1-3757-98D2-1E69718A14F9} = {764DFC44-06F1-3757-98D2-1E69718A14F9}
		{4215F400-9FBD-31BD-82A3-DCF086DA71B5} = {4215F400-9FBD-31BD-82A3-DCF086DA71B5}
		{BF6C142C-C006-3AC0-BB9A-288E26CDA9FD} = {BF6C142C-C006-3AC0-BB9A-288E26CDA9FD}
		{B67E2F03-0B20-31E1-B83D-6EBE9825B1A0} = {B67E2F03-0B20-31E1-B83D-6EBE9825B1A0}
		{0B3E87C9-43DF-3DDF-9D00-1EC6A56DC442} = {0B3E87C9-43DF-3DDF-9D00-1EC6A56DC442}
		{8D6B38BD-C3EB-3327-A0DD-7BBEF4B84C89} = {8D6B38BD-C3EB-3327-A0DD-7BBEF4B84C89}
		{BCFF2533-4AF5-35C9-BF89-3C6D96523600} = {BCFF2533-4AF5-35C9-BF89-3C6D96523600}
		{F6F50A2C-963E-35DC-B8CC-17AFA006716A} = {F6F50A2C-963E-35DC-B8CC-17AFA006716A}
		{7E1D78F4-3679-3B09-975B-4F157A81CBA6} = {7E1D78F4-3679-3B09-975B-4F157A81CBA6}
		{99659F02-BBAC-3FF2-9B76-8CF82804E9C7} = {99659F02-BBAC-3FF2-9B76-8CF82804E9C7}
	EndProjectSection
EndProject
Project("{8BC9CEB8-8B4A-11D0-8D11-00A0C91BC942}") = "Continuous", "Continuous.vcxproj", "{6D14B01B-1E8F-3F6E-960F-851FAC611833}"
	ProjectSection(ProjectDependencies) = postProject
		{7E1D78F4-3679-3B09-975B-4F157A81CBA6} = {7E1D78F4-3679-3B09-975B-4F157A81CBA6}
	EndProjectSection
EndProject
Project("{8BC9CEB8-8B4A-11D0-8D11-00A0C91BC942}") = "Experimental", "Experimental.vcxproj", "{C40BE84E-16FD-33F9-93EA-4EF4D7A2A5B0}"
	ProjectSection(ProjectDependencies) = postProject
		{7E1D78F4-3679-3B09-975B-4F157A81CBA6} = {7E1D78F4-3679-3B09-975B-4F157A81CBA6}
	EndProjectSection
EndProject
Project("{8BC9CEB8-8B4A-11D0-8D11-00A0C91BC942}") = "HushAppLoader", "src\engine_core\app_loader\HushAppLoader.vcxproj", "{F38826B0-F389-3500-88A3-D41AF4CF856A}"
	ProjectSection(ProjectDependencies) = postProject
		{604E6A4A-9521-3611-AE0A-AC5844880D49} = {604E6A4A-9521-3611-AE0A-AC5844880D49}
		{4215F400-9FBD-31BD-82A3-DCF086DA71B5} = {4215F400-9FBD-31BD-82A3-DCF086DA71B5}
		{F6F50A2C-963E-35DC-B8CC-17AFA006716A} = {F6F50A2C-963E-35DC-B8CC-17AFA006716A}
		{7E1D78F4-3679-3B09-975B-4F157A81CBA6} = {7E1D78F4-3679-3B09-975B-4F157A81CBA6}
	EndProjectSection
EndProject
Project("{8BC9CEB8-8B4A-11D0-8D11-00A0C91BC942}") = "HushCore", "src\engine_core\core\HushCore.vcxproj", "{604E6A4A-9521-3611-AE0A-AC5844880D49}"
	ProjectSection(ProjectDependencies) = postProject
		{4215F400-9FBD-31BD-82A3-DCF086DA71B5} = {4215F400-9FBD-31BD-82A3-DCF086DA71B5}
		{F6F50A2C-963E-35DC-B8CC-17AFA006716A} = {F6F50A2C-963E-35DC-B8CC-17AFA006716A}
		{7E1D78F4-3679-3B09-975B-4F157A81CBA6} = {7E1D78F4-3679-3B09-975B-4F157A81CBA6}
	EndProjectSection
EndProject
Project("{8BC9CEB8-8B4A-11D0-8D11-00A0C91BC942}") = "HushCoreTest", "src\engine_core\core\HushCoreTest.vcxproj", "{B9699727-0A0D-39D2-A643-544CC735B770}"
	ProjectSection(ProjectDependencies) = postProject
		{604E6A4A-9521-3611-AE0A-AC5844880D49} = {604E6A4A-9521-3611-AE0A-AC5844880D49}
		{4215F400-9FBD-31BD-82A3-DCF086DA71B5} = {4215F400-9FBD-31BD-82A3-DCF086DA71B5}
		{F6F50A2C-963E-35DC-B8CC-17AFA006716A} = {F6F50A2C-963E-35DC-B8CC-17AFA006716A}
		{7E1D78F4-3679-3B09-975B-4F157A81CBA6} = {7E1D78F4-3679-3B09-975B-4F157A81CBA6}
	EndProjectSection
EndProject
Project("{8BC9CEB8-8B4A-11D0-8D11-00A0C91BC942}") = "HushEditor", "src\editor\HushEditor.vcxproj", "{5926A745-C5C4-3CFE-9C7A-283A2670671A}"
	ProjectSection(ProjectDependencies) = postProject
		{F38826B0-F389-3500-88A3-D41AF4CF856A} = {F38826B0-F389-3500-88A3-D41AF4CF856A}
		{604E6A4A-9521-3611-AE0A-AC5844880D49} = {604E6A4A-9521-3611-AE0A-AC5844880D49}
		{7A347D23-BC96-385A-90E1-12A861C4F77F} = {7A347D23-BC96-385A-90E1-12A861C4F77F}
		{ADA18446-6230-3DEF-8D88-201C21903065} = {ADA18446-6230-3DEF-8D88-201C21903065}
		{764DFC44-06F1-3757-98D2-1E69718A14F9} = {764DFC44-06F1-3757-98D2-1E69718A14F9}
		{4215F400-9FBD-31BD-82A3-DCF086DA71B5} = {4215F400-9FBD-31BD-82A3-DCF086DA71B5}
		{BF6C142C-C006-3AC0-BB9A-288E26CDA9FD} = {BF6C142C-C006-3AC0-BB9A-288E26CDA9FD}
		{B67E2F03-0B20-31E1-B83D-6EBE9825B1A0} = {B67E2F03-0B20-31E1-B83D-6EBE9825B1A0}
		{8D6B38BD-C3EB-3327-A0DD-7BBEF4B84C89} = {8D6B38BD-C3EB-3327-A0DD-7BBEF4B84C89}
		{F6F50A2C-963E-35DC-B8CC-17AFA006716A} = {F6F50A2C-963E-35DC-B8CC-17AFA006716A}
		{7E1D78F4-3679-3B09-975B-4F157A81CBA6} = {7E1D78F4-3679-3B09-975B-4F157A81CBA6}
		{99659F02-BBAC-3FF2-9B76-8CF82804E9C7} = {99659F02-BBAC-3FF2-9B76-8CF82804E9C7}
	EndProjectSection
EndProject
Project("{8BC9CEB8-8B4A-11D0-8D11-00A0C91BC942}") = "HushEngine", "src\HushEngine.vcxproj", "{7A347D23-BC96-385A-90E1-12A861C4F77F}"
	ProjectSection(ProjectDependencies) = postProject
		{F38826B0-F389-3500-88A3-D41AF4CF856A} = {F38826B0-F389-3500-88A3-D41AF4CF856A}
		{604E6A4A-9521-3611-AE0A-AC5844880D49} = {604E6A4A-9521-3611-AE0A-AC5844880D49}
		{ADA18446-6230-3DEF-8D88-201C21903065} = {ADA18446-6230-3DEF-8D88-201C21903065}
		{764DFC44-06F1-3757-98D2-1E69718A14F9} = {764DFC44-06F1-3757-98D2-1E69718A14F9}
		{4215F400-9FBD-31BD-82A3-DCF086DA71B5} = {4215F400-9FBD-31BD-82A3-DCF086DA71B5}
		{BF6C142C-C006-3AC0-BB9A-288E26CDA9FD} = {BF6C142C-C006-3AC0-BB9A-288E26CDA9FD}
		{B67E2F03-0B20-31E1-B83D-6EBE9825B1A0} = {B67E2F03-0B20-31E1-B83D-6EBE9825B1A0}
		{8D6B38BD-C3EB-3327-A0DD-7BBEF4B84C89} = {8D6B38BD-C3EB-3327-A0DD-7BBEF4B84C89}
		{F6F50A2C-963E-35DC-B8CC-17AFA006716A} = {F6F50A2C-963E-35DC-B8CC-17AFA006716A}
		{7E1D78F4-3679-3B09-975B-4F157A81CBA6} = {7E1D78F4-3679-3B09-975B-4F157A81CBA6}
		{99659F02-BBAC-3FF2-9B76-8CF82804E9C7} = {99659F02-BBAC-3FF2-9B76-8CF82804E9C7}
	EndProjectSection
EndProject
Project("{8BC9CEB8-8B4A-11D0-8D11-00A0C91BC942}") = "HushFilesystem", "src\engine_core\filesystem\HushFilesystem.vcxproj", "{ADA18446-6230-3DEF-8D88-201C21903065}"
	ProjectSection(ProjectDependencies) = postProject
		{4215F400-9FBD-31BD-82A3-DCF086DA71B5} = {4215F400-9FBD-31BD-82A3-DCF086DA71B5}
		{F6F50A2C-963E-35DC-B8CC-17AFA006716A} = {F6F50A2C-963E-35DC-B8CC-17AFA006716A}
		{7E1D78F4-3679-3B09-975B-4F157A81CBA6} = {7E1D78F4-3679-3B09-975B-4F157A81CBA6}
	EndProjectSection
EndProject
Project("{8BC9CEB8-8B4A-11D0-8D11-00A0C91BC942}") = "HushFilesystemTest", "src\engine_core\filesystem\HushFilesystemTest.vcxproj", "{0A097DA0-E07D-3256-B911-F051357AF6FA}"
	ProjectSection(ProjectDependencies) = postProject
		{ADA18446-6230-3DEF-8D88-201C21903065} = {ADA18446-6230-3DEF-8D88-201C21903065}
		{4215F400-9FBD-31BD-82A3-DCF086DA71B5} = {4215F400-9FBD-31BD-82A3-DCF086DA71B5}
		{F6F50A2C-963E-35DC-B8CC-17AFA006716A} = {F6F50A2C-963E-35DC-B8CC-17AFA006716A}
		{7E1D78F4-3679-3B09-975B-4F157A81CBA6} = {7E1D78F4-3679-3B09-975B-4F157A81CBA6}
	EndProjectSection
EndProject
Project("{8BC9CEB8-8B4A-11D0-8D11-00A0C91BC942}") = "HushInput", "src\engine_core\input\HushInput.vcxproj", "{764DFC44-06F1-3757-98D2-1E69718A14F9}"
	ProjectSection(ProjectDependencies) = postProject
		{4215F400-9FBD-31BD-82A3-DCF086DA71B5} = {4215F400-9FBD-31BD-82A3-DCF086DA71B5}
		{7E1D78F4-3679-3B09-975B-4F157A81CBA6} = {7E1D78F4-3679-3B09-975B-4F157A81CBA6}
	EndProjectSection
EndProject
Project("{8BC9CEB8-8B4A-11D0-8D11-00A0C91BC942}") = "HushLog", "src\engine_core\log\HushLog.vcxproj", "{4215F400-9FBD-31BD-82A3-DCF086DA71B5}"
	ProjectSection(ProjectDependencies) = postProject
		{7E1D78F4-3679-3B09-975B-4F157A81CBA6} = {7E1D78F4-3679-3B09-975B-4F157A81CBA6}
	EndProjectSection
EndProject
Project("{8BC9CEB8-8B4A-11D0-8D11-00A0C91BC942}") = "HushRendering", "src\engine_core\rendering\HushRendering.vcxproj", "{BF6C142C-C006-3AC0-BB9A-288E26CDA9FD}"
	ProjectSection(ProjectDependencies) = postProject
		{764DFC44-06F1-3757-98D2-1E69718A14F9} = {764DFC44-06F1-3757-98D2-1E69718A14F9}
		{4215F400-9FBD-31BD-82A3-DCF086DA71B5} = {4215F400-9FBD-31BD-82A3-DCF086DA71B5}
		{F6F50A2C-963E-35DC-B8CC-17AFA006716A} = {F6F50A2C-963E-35DC-B8CC-17AFA006716A}
		{7E1D78F4-3679-3B09-975B-4F157A81CBA6} = {7E1D78F4-3679-3B09-975B-4F157A81CBA6}
		{99659F02-BBAC-3FF2-9B76-8CF82804E9C7} = {99659F02-BBAC-3FF2-9B76-8CF82804E9C7}
	EndProjectSection
EndProject
Project("{8BC9CEB8-8B4A-11D0-8D11-00A0C91BC942}") = "HushResources", "src\engine_core\resources\HushResources.vcxproj", "{B67E2F03-0B20-31E1-B83D-6EBE9825B1A0}"
	ProjectSection(ProjectDependencies) = postProject
		{ADA18446-6230-3DEF-8D88-201C21903065} = {ADA18446-6230-3DEF-8D88-201C21903065}
		{4215F400-9FBD-31BD-82A3-DCF086DA71B5} = {4215F400-9FBD-31BD-82A3-DCF086DA71B5}
		{F6F50A2C-963E-35DC-B8CC-17AFA006716A} = {F6F50A2C-963E-35DC-B8CC-17AFA006716A}
		{7E1D78F4-3679-3B09-975B-4F157A81CBA6} = {7E1D78F4-3679-3B09-975B-4F157A81CBA6}
	EndProjectSection
EndProject
Project("{8BC9CEB8-8B4A-11D0-8D11-00A0C91BC942}") = "HushRuntime", "src\HushRuntime.vcxproj", "{0B3E87C9-43DF-3DDF-9D00-1EC6A56DC442}"
	ProjectSection(ProjectDependencies) = postProject
		{F38826B0-F389-3500-88A3-D41AF4CF856A} = {F38826B0-F389-3500-88A3-D41AF4CF856A}
		{604E6A4A-9521-3611-AE0A-AC5844880D49} = {604E6A4A-9521-3611-AE0A-AC5844880D49}
		{7A347D23-BC96-385A-90E1-12A861C4F77F} = {7A347D23-BC96-385A-90E1-12A861C4F77F}
		{ADA18446-6230-3DEF-8D88-201C21903065} = {ADA18446-6230-3DEF-8D88-201C21903065}
		{764DFC44-06F1-3757-98D2-1E69718A14F9} = {764DFC44-06F1-3757-98D2-1E69718A14F9}
		{4215F400-9FBD-31BD-82A3-DCF086DA71B5} = {4215F400-9FBD-31BD-82A3-DCF086DA71B5}
		{BF6C142C-C006-3AC0-BB9A-288E26CDA9FD} = {BF6C142C-C006-3AC0-BB9A-288E26CDA9FD}
		{B67E2F03-0B20-31E1-B83D-6EBE9825B1A0} = {B67E2F03-0B20-31E1-B83D-6EBE9825B1A0}
		{8D6B38BD-C3EB-3327-A0DD-7BBEF4B84C89} = {8D6B38BD-C3EB-3327-A0DD-7BBEF4B84C89}
		{F6F50A2C-963E-35DC-B8CC-17AFA006716A} = {F6F50A2C-963E-35DC-B8CC-17AFA006716A}
		{7E1D78F4-3679-3B09-975B-4F157A81CBA6} = {7E1D78F4-3679-3B09-975B-4F157A81CBA6}
		{99659F02-BBAC-3FF2-9B76-8CF82804E9C7} = {99659F02-BBAC-3FF2-9B76-8CF82804E9C7}
	EndProjectSection
EndProject
Project("{8BC9CEB8-8B4A-11D0-8D11-00A0C91BC942}") = "HushThreading", "src\engine_core\threading\HushThreading.vcxproj", "{8D6B38BD-C3EB-3327-A0DD-7BBEF4B84C89}"
	ProjectSection(ProjectDependencies) = postProject
		{4215F400-9FBD-31BD-82A3-DCF086DA71B5} = {4215F400-9FBD-31BD-82A3-DCF086DA71B5}
		{F6F50A2C-963E-35DC-B8CC-17AFA006716A} = {F6F50A2C-963E-35DC-B8CC-17AFA006716A}
		{7E1D78F4-3679-3B09-975B-4F157A81CBA6} = {7E1D78F4-3679-3B09-975B-4F157A81CBA6}
	EndProjectSection
EndProject
Project("{8BC9CEB8-8B4A-11D0-8D11-00A0C91BC942}") = "HushThreadingTest", "src\engine_core\threading\HushThreadingTest.vcxproj", "{BCFF2533-4AF5-35C9-BF89-3C6D96523600}"
	ProjectSection(ProjectDependencies) = postProject
		{4215F400-9FBD-31BD-82A3-DCF086DA71B5} = {4215F400-9FBD-31BD-82A3-DCF086DA71B5}
		{8D6B38BD-C3EB-3327-A0DD-7BBEF4B84C89} = {8D6B38BD-C3EB-3327-A0DD-7BBEF4B84C89}
		{F6F50A2C-963E-35DC-B8CC-17AFA006716A} = {F6F50A2C-963E-35DC-B8CC-17AFA006716A}
		{7E1D78F4-3679-3B09-975B-4F157A81CBA6} = {7E1D78F4-3679-3B09-975B-4F157A81CBA6}
	EndProjectSection
EndProject
Project("{8BC9CEB8-8B4A-11D0-8D11-00A0C91BC942}") = "HushUtils", "src\engine_core\utils\HushUtils.vcxproj", "{F6F50A2C-963E-35DC-B8CC-17AFA006716A}"
	ProjectSection(ProjectDependencies) = postProject
		{4215F400-9FBD-31BD-82A3-DCF086DA71B5} = {4215F400-9FBD-31BD-82A3-DCF086DA71B5}
		{7E1D78F4-3679-3B09-975B-4F157A81CBA6} = {7E1D78F4-3679-3B09-975B-4F157A81CBA6}
	EndProjectSection
EndProject
Project("{8BC9CEB8-8B4A-11D0-8D11-00A0C91BC942}") = "Nightly", "Nightly.vcxproj", "{97B636AA-5583-3837-B99C-6164141A54AF}"
	ProjectSection(ProjectDependencies) = postProject
		{7E1D78F4-3679-3B09-975B-4F157A81CBA6} = {7E1D78F4-3679-3B09-975B-4F157A81CBA6}
	EndProjectSection
EndProject
Project("{8BC9CEB8-8B4A-11D0-8D11-00A0C91BC942}") = "NightlyMemoryCheck", "NightlyMemoryCheck.vcxproj", "{BA90232E-FE15-3DA4-A745-3826A31BA2B1}"
	ProjectSection(ProjectDependencies) = postProject
		{7E1D78F4-3679-3B09-975B-4F157A81CBA6} = {7E1D78F4-3679-3B09-975B-4F157A81CBA6}
	EndProjectSection
EndProject
Project("{8BC9CEB8-8B4A-11D0-8D11-00A0C91BC942}") = "RUN_TESTS", "RUN_TESTS.vcxproj", "{C78CC287-A13D-375E-8419-1877C2D54A91}"
	ProjectSection(ProjectDependencies) = postProject
		{7E1D78F4-3679-3B09-975B-4F157A81CBA6} = {7E1D78F4-3679-3B09-975B-4F157A81CBA6}
	EndProjectSection
EndProject
Project("{8BC9CEB8-8B4A-11D0-8D11-00A0C91BC942}") = "ZERO_CHECK", "ZERO_CHECK.vcxproj", "{7E1D78F4-3679-3B09-975B-4F157A81CBA6}"
	ProjectSection(ProjectDependencies) = postProject
	EndProjectSection
EndProject
Project("{8BC9CEB8-8B4A-11D0-8D11-00A0C91BC942}") = "imgui", "third_party\imgui\imgui.vcxproj", "{99659F02-BBAC-3FF2-9B76-8CF82804E9C7}"
	ProjectSection(ProjectDependencies) = postProject
		{7E1D78F4-3679-3B09-975B-4F157A81CBA6} = {7E1D78F4-3679-3B09-975B-4F157A81CBA6}
	EndProjectSection
EndProject
Global
	GlobalSection(SolutionConfigurationPlatforms) = preSolution
		Debug|x64 = Debug|x64
		Release|x64 = Release|x64
		MinSizeRel|x64 = MinSizeRel|x64
		RelWithDebInfo|x64 = RelWithDebInfo|x64
	EndGlobalSection
	GlobalSection(ProjectConfigurationPlatforms) = postSolution
		{394EC5E7-914E-3FAD-BDF0-49D2C8E2806D}.Debug|x64.ActiveCfg = Debug|x64
		{394EC5E7-914E-3FAD-BDF0-49D2C8E2806D}.Release|x64.ActiveCfg = Release|x64
		{394EC5E7-914E-3FAD-BDF0-49D2C8E2806D}.MinSizeRel|x64.ActiveCfg = MinSizeRel|x64
		{394EC5E7-914E-3FAD-BDF0-49D2C8E2806D}.RelWithDebInfo|x64.ActiveCfg = RelWithDebInfo|x64
		{6D14B01B-1E8F-3F6E-960F-851FAC611833}.Debug|x64.ActiveCfg = Debug|x64
		{6D14B01B-1E8F-3F6E-960F-851FAC611833}.Release|x64.ActiveCfg = Release|x64
		{6D14B01B-1E8F-3F6E-960F-851FAC611833}.MinSizeRel|x64.ActiveCfg = MinSizeRel|x64
		{6D14B01B-1E8F-3F6E-960F-851FAC611833}.RelWithDebInfo|x64.ActiveCfg = RelWithDebInfo|x64
		{C40BE84E-16FD-33F9-93EA-4EF4D7A2A5B0}.Debug|x64.ActiveCfg = Debug|x64
		{C40BE84E-16FD-33F9-93EA-4EF4D7A2A5B0}.Release|x64.ActiveCfg = Release|x64
		{C40BE84E-16FD-33F9-93EA-4EF4D7A2A5B0}.MinSizeRel|x64.ActiveCfg = MinSizeRel|x64
		{C40BE84E-16FD-33F9-93EA-4EF4D7A2A5B0}.RelWithDebInfo|x64.ActiveCfg = RelWithDebInfo|x64
		{F38826B0-F389-3500-88A3-D41AF4CF856A}.Debug|x64.ActiveCfg = Debug|x64
		{F38826B0-F389-3500-88A3-D41AF4CF856A}.Debug|x64.Build.0 = Debug|x64
		{F38826B0-F389-3500-88A3-D41AF4CF856A}.Release|x64.ActiveCfg = Release|x64
		{F38826B0-F389-3500-88A3-D41AF4CF856A}.Release|x64.Build.0 = Release|x64
		{F38826B0-F389-3500-88A3-D41AF4CF856A}.MinSizeRel|x64.ActiveCfg = MinSizeRel|x64
		{F38826B0-F389-3500-88A3-D41AF4CF856A}.MinSizeRel|x64.Build.0 = MinSizeRel|x64
		{F38826B0-F389-3500-88A3-D41AF4CF856A}.RelWithDebInfo|x64.ActiveCfg = RelWithDebInfo|x64
		{F38826B0-F389-3500-88A3-D41AF4CF856A}.RelWithDebInfo|x64.Build.0 = RelWithDebInfo|x64
		{604E6A4A-9521-3611-AE0A-AC5844880D49}.Debug|x64.ActiveCfg = Debug|x64
		{604E6A4A-9521-3611-AE0A-AC5844880D49}.Debug|x64.Build.0 = Debug|x64
		{604E6A4A-9521-3611-AE0A-AC5844880D49}.Release|x64.ActiveCfg = Release|x64
		{604E6A4A-9521-3611-AE0A-AC5844880D49}.Release|x64.Build.0 = Release|x64
		{604E6A4A-9521-3611-AE0A-AC5844880D49}.MinSizeRel|x64.ActiveCfg = MinSizeRel|x64
		{604E6A4A-9521-3611-AE0A-AC5844880D49}.MinSizeRel|x64.Build.0 = MinSizeRel|x64
		{604E6A4A-9521-3611-AE0A-AC5844880D49}.RelWithDebInfo|x64.ActiveCfg = RelWithDebInfo|x64
		{604E6A4A-9521-3611-AE0A-AC5844880D49}.RelWithDebInfo|x64.Build.0 = RelWithDebInfo|x64
		{B9699727-0A0D-39D2-A643-544CC735B770}.Debug|x64.ActiveCfg = Debug|x64
		{B9699727-0A0D-39D2-A643-544CC735B770}.Debug|x64.Build.0 = Debug|x64
		{B9699727-0A0D-39D2-A643-544CC735B770}.Release|x64.ActiveCfg = Release|x64
		{B9699727-0A0D-39D2-A643-544CC735B770}.Release|x64.Build.0 = Release|x64
		{B9699727-0A0D-39D2-A643-544CC735B770}.MinSizeRel|x64.ActiveCfg = MinSizeRel|x64
		{B9699727-0A0D-39D2-A643-544CC735B770}.MinSizeRel|x64.Build.0 = MinSizeRel|x64
		{B9699727-0A0D-39D2-A643-544CC735B770}.RelWithDebInfo|x64.ActiveCfg = RelWithDebInfo|x64
		{B9699727-0A0D-39D2-A643-544CC735B770}.RelWithDebInfo|x64.Build.0 = RelWithDebInfo|x64
		{5926A745-C5C4-3CFE-9C7A-283A2670671A}.Debug|x64.ActiveCfg = Debug|x64
		{5926A745-C5C4-3CFE-9C7A-283A2670671A}.Debug|x64.Build.0 = Debug|x64
		{5926A745-C5C4-3CFE-9C7A-283A2670671A}.Release|x64.ActiveCfg = Release|x64
		{5926A745-C5C4-3CFE-9C7A-283A2670671A}.Release|x64.Build.0 = Release|x64
		{5926A745-C5C4-3CFE-9C7A-283A2670671A}.MinSizeRel|x64.ActiveCfg = MinSizeRel|x64
		{5926A745-C5C4-3CFE-9C7A-283A2670671A}.MinSizeRel|x64.Build.0 = MinSizeRel|x64
		{5926A745-C5C4-3CFE-9C7A-283A2670671A}.RelWithDebInfo|x64.ActiveCfg = RelWithDebInfo|x64
		{5926A745-C5C4-3CFE-9C7A-283A2670671A}.RelWithDebInfo|x64.Build.0 = RelWithDebInfo|x64
		{7A347D23-BC96-385A-90E1-12A861C4F77F}.Debug|x64.ActiveCfg = Debug|x64
		{7A347D23-BC96-385A-90E1-12A861C4F77F}.Debug|x64.Build.0 = Debug|x64
		{7A347D23-BC96-385A-90E1-12A861C4F77F}.Release|x64.ActiveCfg = Release|x64
		{7A347D23-BC96-385A-90E1-12A861C4F77F}.Release|x64.Build.0 = Release|x64
		{7A347D23-BC96-385A-90E1-12A861C4F77F}.MinSizeRel|x64.ActiveCfg = MinSizeRel|x64
		{7A347D23-BC96-385A-90E1-12A861C4F77F}.MinSizeRel|x64.Build.0 = MinSizeRel|x64
		{7A347D23-BC96-385A-90E1-12A861C4F77F}.RelWithDebInfo|x64.ActiveCfg = RelWithDebInfo|x64
		{7A347D23-BC96-385A-90E1-12A861C4F77F}.RelWithDebInfo|x64.Build.0 = RelWithDebInfo|x64
		{ADA18446-6230-3DEF-8D88-201C21903065}.Debug|x64.ActiveCfg = Debug|x64
		{ADA18446-6230-3DEF-8D88-201C21903065}.Debug|x64.Build.0 = Debug|x64
		{ADA18446-6230-3DEF-8D88-201C21903065}.Release|x64.ActiveCfg = Release|x64
		{ADA18446-6230-3DEF-8D88-201C21903065}.Release|x64.Build.0 = Release|x64
		{ADA18446-6230-3DEF-8D88-201C21903065}.MinSizeRel|x64.ActiveCfg = MinSizeRel|x64
		{ADA18446-6230-3DEF-8D88-201C21903065}.MinSizeRel|x64.Build.0 = MinSizeRel|x64
		{ADA18446-6230-3DEF-8D88-201C21903065}.RelWithDebInfo|x64.ActiveCfg = RelWithDebInfo|x64
		{ADA18446-6230-3DEF-8D88-201C21903065}.RelWithDebInfo|x64.Build.0 = RelWithDebInfo|x64
		{0A097DA0-E07D-3256-B911-F051357AF6FA}.Debug|x64.ActiveCfg = Debug|x64
		{0A097DA0-E07D-3256-B911-F051357AF6FA}.Debug|x64.Build.0 = Debug|x64
		{0A097DA0-E07D-3256-B911-F051357AF6FA}.Release|x64.ActiveCfg = Release|x64
		{0A097DA0-E07D-3256-B911-F051357AF6FA}.Release|x64.Build.0 = Release|x64
		{0A097DA0-E07D-3256-B911-F051357AF6FA}.MinSizeRel|x64.ActiveCfg = MinSizeRel|x64
		{0A097DA0-E07D-3256-B911-F051357AF6FA}.MinSizeRel|x64.Build.0 = MinSizeRel|x64
		{0A097DA0-E07D-3256-B911-F051357AF6FA}.RelWithDebInfo|x64.ActiveCfg = RelWithDebInfo|x64
		{0A097DA0-E07D-3256-B911-F051357AF6FA}.RelWithDebInfo|x64.Build.0 = RelWithDebInfo|x64
		{764DFC44-06F1-3757-98D2-1E69718A14F9}.Debug|x64.ActiveCfg = Debug|x64
		{764DFC44-06F1-3757-98D2-1E69718A14F9}.Debug|x64.Build.0 = Debug|x64
		{764DFC44-06F1-3757-98D2-1E69718A14F9}.Release|x64.ActiveCfg = Release|x64
		{764DFC44-06F1-3757-98D2-1E69718A14F9}.Release|x64.Build.0 = Release|x64
		{764DFC44-06F1-3757-98D2-1E69718A14F9}.MinSizeRel|x64.ActiveCfg = MinSizeRel|x64
		{764DFC44-06F1-3757-98D2-1E69718A14F9}.MinSizeRel|x64.Build.0 = MinSizeRel|x64
		{764DFC44-06F1-3757-98D2-1E69718A14F9}.RelWithDebInfo|x64.ActiveCfg = RelWithDebInfo|x64
		{764DFC44-06F1-3757-98D2-1E69718A14F9}.RelWithDebInfo|x64.Build.0 = RelWithDebInfo|x64
		{4215F400-9FBD-31BD-82A3-DCF086DA71B5}.Debug|x64.ActiveCfg = Debug|x64
		{4215F400-9FBD-31BD-82A3-DCF086DA71B5}.Debug|x64.Build.0 = Debug|x64
		{4215F400-9FBD-31BD-82A3-DCF086DA71B5}.Release|x64.ActiveCfg = Release|x64
		{4215F400-9FBD-31BD-82A3-DCF086DA71B5}.Release|x64.Build.0 = Release|x64
		{4215F400-9FBD-31BD-82A3-DCF086DA71B5}.MinSizeRel|x64.ActiveCfg = MinSizeRel|x64
		{4215F400-9FBD-31BD-82A3-DCF086DA71B5}.MinSizeRel|x64.Build.0 = MinSizeRel|x64
		{4215F400-9FBD-31BD-82A3-DCF086DA71B5}.RelWithDebInfo|x64.ActiveCfg = RelWithDebInfo|x64
		{4215F400-9FBD-31BD-82A3-DCF086DA71B5}.RelWithDebInfo|x64.Build.0 = RelWithDebInfo|x64
		{BF6C142C-C006-3AC0-BB9A-288E26CDA9FD}.Debug|x64.ActiveCfg = Debug|x64
		{BF6C142C-C006-3AC0-BB9A-288E26CDA9FD}.Debug|x64.Build.0 = Debug|x64
		{BF6C142C-C006-3AC0-BB9A-288E26CDA9FD}.Release|x64.ActiveCfg = Release|x64
		{BF6C142C-C006-3AC0-BB9A-288E26CDA9FD}.Release|x64.Build.0 = Release|x64
		{BF6C142C-C006-3AC0-BB9A-288E26CDA9FD}.MinSizeRel|x64.ActiveCfg = MinSizeRel|x64
		{BF6C142C-C006-3AC0-BB9A-288E26CDA9FD}.MinSizeRel|x64.Build.0 = MinSizeRel|x64
		{BF6C142C-C006-3AC0-BB9A-288E26CDA9FD}.RelWithDebInfo|x64.ActiveCfg = RelWithDebInfo|x64
		{BF6C142C-C006-3AC0-BB9A-288E26CDA9FD}.RelWithDebInfo|x64.Build.0 = RelWithDebInfo|x64
		{B67E2F03-0B20-31E1-B83D-6EBE9825B1A0}.Debug|x64.ActiveCfg = Debug|x64
		{B67E2F03-0B20-31E1-B83D-6EBE9825B1A0}.Debug|x64.Build.0 = Debug|x64
		{B67E2F03-0B20-31E1-B83D-6EBE9825B1A0}.Release|x64.ActiveCfg = Release|x64
		{B67E2F03-0B20-31E1-B83D-6EBE9825B1A0}.Release|x64.Build.0 = Release|x64
		{B67E2F03-0B20-31E1-B83D-6EBE9825B1A0}.MinSizeRel|x64.ActiveCfg = MinSizeRel|x64
		{B67E2F03-0B20-31E1-B83D-6EBE9825B1A0}.MinSizeRel|x64.Build.0 = MinSizeRel|x64
		{B67E2F03-0B20-31E1-B83D-6EBE9825B1A0}.RelWithDebInfo|x64.ActiveCfg = RelWithDebInfo|x64
		{B67E2F03-0B20-31E1-B83D-6EBE9825B1A0}.RelWithDebInfo|x64.Build.0 = RelWithDebInfo|x64
		{0B3E87C9-43DF-3DDF-9D00-1EC6A56DC442}.Debug|x64.ActiveCfg = Debug|x64
		{0B3E87C9-43DF-3DDF-9D00-1EC6A56DC442}.Debug|x64.Build.0 = Debug|x64
		{0B3E87C9-43DF-3DDF-9D00-1EC6A56DC442}.Release|x64.ActiveCfg = Release|x64
		{0B3E87C9-43DF-3DDF-9D00-1EC6A56DC442}.Release|x64.Build.0 = Release|x64
		{0B3E87C9-43DF-3DDF-9D00-1EC6A56DC442}.MinSizeRel|x64.ActiveCfg = MinSizeRel|x64
		{0B3E87C9-43DF-3DDF-9D00-1EC6A56DC442}.MinSizeRel|x64.Build.0 = MinSizeRel|x64
		{0B3E87C9-43DF-3DDF-9D00-1EC6A56DC442}.RelWithDebInfo|x64.ActiveCfg = RelWithDebInfo|x64
		{0B3E87C9-43DF-3DDF-9D00-1EC6A56DC442}.RelWithDebInfo|x64.Build.0 = RelWithDebInfo|x64
		{8D6B38BD-C3EB-3327-A0DD-7BBEF4B84C89}.Debug|x64.ActiveCfg = Debug|x64
		{8D6B38BD-C3EB-3327-A0DD-7BBEF4B84C89}.Debug|x64.Build.0 = Debug|x64
		{8D6B38BD-C3EB-3327-A0DD-7BBEF4B84C89}.Release|x64.ActiveCfg = Release|x64
		{8D6B38BD-C3EB-3327-A0DD-7BBEF4B84C89}.Release|x64.Build.0 = Release|x64
		{8D6B38BD-C3EB-3327-A0DD-7BBEF4B84C89}.MinSizeRel|x64.ActiveCfg = MinSizeRel|x64
		{8D6B38BD-C3EB-3327-A0DD-7BBEF4B84C89}.MinSizeRel|x64.Build.0 = MinSizeRel|x64
		{8D6B38BD-C3EB-3327-A0DD-7BBEF4B84C89}.RelWithDebInfo|x64.ActiveCfg = RelWithDebInfo|x64
		{8D6B38BD-C3EB-3327-A0DD-7BBEF4B84C89}.RelWithDebInfo|x64.Build.0 = RelWithDebInfo|x64
		{BCFF2533-4AF5-35C9-BF89-3C6D96523600}.Debug|x64.ActiveCfg = Debug|x64
		{BCFF2533-4AF5-35C9-BF89-3C6D96523600}.Debug|x64.Build.0 = Debug|x64
		{BCFF2533-4AF5-35C9-BF89-3C6D96523600}.Release|x64.ActiveCfg = Release|x64
		{BCFF2533-4AF5-35C9-BF89-3C6D96523600}.Release|x64.Build.0 = Release|x64
		{BCFF2533-4AF5-35C9-BF89-3C6D96523600}.MinSizeRel|x64.ActiveCfg = MinSizeRel|x64
		{BCFF2533-4AF5-35C9-BF89-3C6D96523600}.MinSizeRel|x64.Build.0 = MinSizeRel|x64
		{BCFF2533-4AF5-35C9-BF89-3C6D96523600}.RelWithDebInfo|x64.ActiveCfg = RelWithDebInfo|x64
		{BCFF2533-4AF5-35C9-BF89-3C6D96523600}.RelWithDebInfo|x64.Build.0 = RelWithDebInfo|x64
		{F6F50A2C-963E-35DC-B8CC-17AFA006716A}.Debug|x64.ActiveCfg = Debug|x64
		{F6F50A2C-963E-35DC-B8CC-17AFA006716A}.Debug|x64.Build.0 = Debug|x64
		{F6F50A2C-963E-35DC-B8CC-17AFA006716A}.Release|x64.ActiveCfg = Release|x64
		{F6F50A2C-963E-35DC-B8CC-17AFA006716A}.Release|x64.Build.0 = Release|x64
		{F6F50A2C-963E-35DC-B8CC-17AFA006716A}.MinSizeRel|x64.ActiveCfg = MinSizeRel|x64
		{F6F50A2C-963E-35DC-B8CC-17AFA006716A}.MinSizeRel|x64.Build.0 = MinSizeRel|x64
		{F6F50A2C-963E-35DC-B8CC-17AFA006716A}.RelWithDebInfo|x64.ActiveCfg = RelWithDebInfo|x64
		{F6F50A2C-963E-35DC-B8CC-17AFA006716A}.RelWithDebInfo|x64.Build.0 = RelWithDebInfo|x64
		{97B636AA-5583-3837-B99C-6164141A54AF}.Debug|x64.ActiveCfg = Debug|x64
		{97B636AA-5583-3837-B99C-6164141A54AF}.Release|x64.ActiveCfg = Release|x64
		{97B636AA-5583-3837-B99C-6164141A54AF}.MinSizeRel|x64.ActiveCfg = MinSizeRel|x64
		{97B636AA-5583-3837-B99C-6164141A54AF}.RelWithDebInfo|x64.ActiveCfg = RelWithDebInfo|x64
		{BA90232E-FE15-3DA4-A745-3826A31BA2B1}.Debug|x64.ActiveCfg = Debug|x64
		{BA90232E-FE15-3DA4-A745-3826A31BA2B1}.Release|x64.ActiveCfg = Release|x64
		{BA90232E-FE15-3DA4-A745-3826A31BA2B1}.MinSizeRel|x64.ActiveCfg = MinSizeRel|x64
		{BA90232E-FE15-3DA4-A745-3826A31BA2B1}.RelWithDebInfo|x64.ActiveCfg = RelWithDebInfo|x64
		{C78CC287-A13D-375E-8419-1877C2D54A91}.Debug|x64.ActiveCfg = Debug|x64
		{C78CC287-A13D-375E-8419-1877C2D54A91}.Release|x64.ActiveCfg = Release|x64
		{C78CC287-A13D-375E-8419-1877C2D54A91}.MinSizeRel|x64.ActiveCfg = MinSizeRel|x64
		{C78CC287-A13D-375E-8419-1877C2D54A91}.RelWithDebInfo|x64.ActiveCfg = RelWithDebInfo|x64
		{7E1D78F4-3679-3B09-975B-4F157A81CBA6}.Debug|x64.ActiveCfg = Debug|x64
		{7E1D78F4-3679-3B09-975B-4F157A81CBA6}.Debug|x64.Build.0 = Debug|x64
		{7E1D78F4-3679-3B09-975B-4F157A81CBA6}.Release|x64.ActiveCfg = Release|x64
		{7E1D78F4-3679-3B09-975B-4F157A81CBA6}.Release|x64.Build.0 = Release|x64
		{7E1D78F4-3679-3B09-975B-4F157A81CBA6}.MinSizeRel|x64.ActiveCfg = MinSizeRel|x64
		{7E1D78F4-3679-3B09-975B-4F157A81CBA6}.MinSizeRel|x64.Build.0 = MinSizeRel|x64
		{7E1D78F4-3679-3B09-975B-4F157A81CBA6}.RelWithDebInfo|x64.ActiveCfg = RelWithDebInfo|x64
		{7E1D78F4-3679-3B09-975B-4F157A81CBA6}.RelWithDebInfo|x64.Build.0 = RelWithDebInfo|x64
		{99659F02-BBAC-3FF2-9B76-8CF82804E9C7}.Debug|x64.ActiveCfg = Debug|x64
		{99659F02-BBAC-3FF2-9B76-8CF82804E9C7}.Debug|x64.Build.0 = Debug|x64
		{99659F02-BBAC-3FF2-9B76-8CF82804E9C7}.Release|x64.ActiveCfg = Release|x64
		{99659F02-BBAC-3FF2-9B76-8CF82804E9C7}.Release|x64.Build.0 = Release|x64
		{99659F02-BBAC-3FF2-9B76-8CF82804E9C7}.MinSizeRel|x64.ActiveCfg = MinSizeRel|x64
		{99659F02-BBAC-3FF2-9B76-8CF82804E9C7}.MinSizeRel|x64.Build.0 = MinSizeRel|x64
		{99659F02-BBAC-3FF2-9B76-8CF82804E9C7}.RelWithDebInfo|x64.ActiveCfg = RelWithDebInfo|x64
		{99659F02-BBAC-3FF2-9B76-8CF82804E9C7}.RelWithDebInfo|x64.Build.0 = RelWithDebInfo|x64
	EndGlobalSection
	GlobalSection(NestedProjects) = preSolution
		{394EC5E7-914E-3FAD-BDF0-49D2C8E2806D} = {9A75B528-5ABC-37D7-A0F8-DB70543E9CA9}
		{C78CC287-A13D-375E-8419-1877C2D54A91} = {9A75B528-5ABC-37D7-A0F8-DB70543E9CA9}
		{7E1D78F4-3679-3B09-975B-4F157A81CBA6} = {9A75B528-5ABC-37D7-A0F8-DB70543E9CA9}
		{6D14B01B-1E8F-3F6E-960F-851FAC611833} = {933D9D97-E50F-31D6-9151-16C5D7888F81}
		{C40BE84E-16FD-33F9-93EA-4EF4D7A2A5B0} = {933D9D97-E50F-31D6-9151-16C5D7888F81}
		{97B636AA-5583-3837-B99C-6164141A54AF} = {933D9D97-E50F-31D6-9151-16C5D7888F81}
		{BA90232E-FE15-3DA4-A745-3826A31BA2B1} = {933D9D97-E50F-31D6-9151-16C5D7888F81}
	EndGlobalSection
	GlobalSection(ExtensibilityGlobals) = postSolution
		SolutionGuid = {BB8BE1E8-531B-3A24-939C-7C6407CA15C8}
	EndGlobalSection
	GlobalSection(ExtensibilityAddIns) = postSolution
	EndGlobalSection
EndGlobal
