
Microsoft Visual Studio Solution File, Format Version 12.00
# Visual Studio Version 17
Project("{2150E333-8FDC-42A3-9474-1A3956D46DE8}") = "CMakePredefinedTargets", "CMakePredefinedTargets", "{B0B36F6D-CA39-3D07-A167-AF5AC7E0385B}"
EndProject
Project("{8BC9CEB8-8B4A-11D0-8D11-00A0C91BC942}") = "ALL_BUILD", "ALL_BUILD.vcxproj", "{4AF88143-4424-3CA1-B490-4DCDC55F6EC9}"
	ProjectSection(ProjectDependencies) = postProject
		{91D88A59-EED8-3656-B50E-CF163C7B12B4} = {91D88A59-EED8-3656-B50E-CF163C7B12B4}
		{8364BD9C-3B02-38DF-8110-54B10B0EF7D6} = {8364BD9C-3B02-38DF-8110-54B10B0EF7D6}
		{D964D11E-9DF9-39BB-9EC1-0C9CEC439BBF} = {D964D11E-9DF9-39BB-9EC1-0C9CEC439BBF}
	EndProjectSection
EndProject
Project("{8BC9CEB8-8B4A-11D0-8D11-00A0C91BC942}") = "ZERO_CHECK", "ZERO_CHECK.vcxproj", "{91D88A59-EED8-3656-B50E-CF163C7B12B4}"
	ProjectSection(ProjectDependencies) = postProject
	EndProjectSection
EndProject
Project("{8BC9CEB8-8B4A-11D0-8D11-00A0C91BC942}") = "engine_core", "src\engine_core\engine_core.vcxproj", "{8364BD9C-3B02-38DF-8110-54B10B0EF7D6}"
	ProjectSection(ProjectDependencies) = postProject
		{91D88A59-EED8-3656-B50E-CF163C7B12B4} = {91D88A59-EED8-3656-B50E-CF163C7B12B4}
		{D964D11E-9DF9-39BB-9EC1-0C9CEC439BBF} = {D964D11E-9DF9-39BB-9EC1-0C9CEC439BBF}
	EndProjectSection
EndProject
Project("{8BC9CEB8-8B4A-11D0-8D11-00A0C91BC942}") = "imgui", "third_party\imgui\imgui.vcxproj", "{D964D11E-9DF9-39BB-9EC1-0C9CEC439BBF}"
	ProjectSection(ProjectDependencies) = postProject
		{91D88A59-EED8-3656-B50E-CF163C7B12B4} = {91D88A59-EED8-3656-B50E-CF163C7B12B4}
	EndProjectSection
EndProject
Global
	GlobalSection(SolutionConfigurationPlatforms) = preSolution
		Debug|x64 = Debug|x64
		Release|x64 = Release|x64
		MinSizeRel|x64 = MinSizeRel|x64
		RelWithDebInfo|x64 = RelWithDebInfo|x64
	EndGlobalSection
	GlobalSection(ProjectConfigurationPlatforms) = postSolution
		{4AF88143-4424-3CA1-B490-4DCDC55F6EC9}.Debug|x64.ActiveCfg = Debug|x64
		{4AF88143-4424-3CA1-B490-4DCDC55F6EC9}.Release|x64.ActiveCfg = Release|x64
		{4AF88143-4424-3CA1-B490-4DCDC55F6EC9}.MinSizeRel|x64.ActiveCfg = MinSizeRel|x64
		{4AF88143-4424-3CA1-B490-4DCDC55F6EC9}.RelWithDebInfo|x64.ActiveCfg = RelWithDebInfo|x64
		{91D88A59-EED8-3656-B50E-CF163C7B12B4}.Debug|x64.ActiveCfg = Debug|x64
		{91D88A59-EED8-3656-B50E-CF163C7B12B4}.Debug|x64.Build.0 = Debug|x64
		{91D88A59-EED8-3656-B50E-CF163C7B12B4}.Release|x64.ActiveCfg = Release|x64
		{91D88A59-EED8-3656-B50E-CF163C7B12B4}.Release|x64.Build.0 = Release|x64
		{91D88A59-EED8-3656-B50E-CF163C7B12B4}.MinSizeRel|x64.ActiveCfg = MinSizeRel|x64
		{91D88A59-EED8-3656-B50E-CF163C7B12B4}.MinSizeRel|x64.Build.0 = MinSizeRel|x64
		{91D88A59-EED8-3656-B50E-CF163C7B12B4}.RelWithDebInfo|x64.ActiveCfg = RelWithDebInfo|x64
		{91D88A59-EED8-3656-B50E-CF163C7B12B4}.RelWithDebInfo|x64.Build.0 = RelWithDebInfo|x64
		{8364BD9C-3B02-38DF-8110-54B10B0EF7D6}.Debug|x64.ActiveCfg = Debug|x64
		{8364BD9C-3B02-38DF-8110-54B10B0EF7D6}.Debug|x64.Build.0 = Debug|x64
		{8364BD9C-3B02-38DF-8110-54B10B0EF7D6}.Release|x64.ActiveCfg = Release|x64
		{8364BD9C-3B02-38DF-8110-54B10B0EF7D6}.Release|x64.Build.0 = Release|x64
		{8364BD9C-3B02-38DF-8110-54B10B0EF7D6}.MinSizeRel|x64.ActiveCfg = MinSizeRel|x64
		{8364BD9C-3B02-38DF-8110-54B10B0EF7D6}.MinSizeRel|x64.Build.0 = MinSizeRel|x64
		{8364BD9C-3B02-38DF-8110-54B10B0EF7D6}.RelWithDebInfo|x64.ActiveCfg = RelWithDebInfo|x64
		{8364BD9C-3B02-38DF-8110-54B10B0EF7D6}.RelWithDebInfo|x64.Build.0 = RelWithDebInfo|x64
		{D964D11E-9DF9-39BB-9EC1-0C9CEC439BBF}.Debug|x64.ActiveCfg = Debug|x64
		{D964D11E-9DF9-39BB-9EC1-0C9CEC439BBF}.Debug|x64.Build.0 = Debug|x64
		{D964D11E-9DF9-39BB-9EC1-0C9CEC439BBF}.Release|x64.ActiveCfg = Release|x64
		{D964D11E-9DF9-39BB-9EC1-0C9CEC439BBF}.Release|x64.Build.0 = Release|x64
		{D964D11E-9DF9-39BB-9EC1-0C9CEC439BBF}.MinSizeRel|x64.ActiveCfg = MinSizeRel|x64
		{D964D11E-9DF9-39BB-9EC1-0C9CEC439BBF}.MinSizeRel|x64.Build.0 = MinSizeRel|x64
		{D964D11E-9DF9-39BB-9EC1-0C9CEC439BBF}.RelWithDebInfo|x64.ActiveCfg = RelWithDebInfo|x64
		{D964D11E-9DF9-39BB-9EC1-0C9CEC439BBF}.RelWithDebInfo|x64.Build.0 = RelWithDebInfo|x64
	EndGlobalSection
	GlobalSection(NestedProjects) = preSolution
		{4AF88143-4424-3CA1-B490-4DCDC55F6EC9} = {B0B36F6D-CA39-3D07-A167-AF5AC7E0385B}
		{91D88A59-EED8-3656-B50E-CF163C7B12B4} = {B0B36F6D-CA39-3D07-A167-AF5AC7E0385B}
	EndGlobalSection
	GlobalSection(ExtensibilityGlobals) = postSolution
		SolutionGuid = {486D05F2-D66A-3A42-9384-377119EAB4D9}
	EndGlobalSection
	GlobalSection(ExtensibilityAddIns) = postSolution
	EndGlobalSection
EndGlobal
