
Microsoft Visual Studio Solution File, Format Version 12.00
# Visual Studio Version 17
Project("{8BC9CEB8-8B4A-11D0-8D11-00A0C91BC942}") = "ALL_BUILD", "ALL_BUILD.vcxproj", "{F38D8F4D-57EF-31F1-ACF5-9B9526238EEA}"
	ProjectSection(ProjectDependencies) = postProject
		{2DEE2D8F-FCB6-31E9-BF4D-79BB5B421138} = {2DEE2D8F-FCB6-31E9-BF4D-79BB5B421138}
		{536752BA-DF5D-319C-AE03-4C46BA945618} = {536752BA-DF5D-319C-AE03-4C46BA945618}
	EndProjectSection
EndProject
Project("{8BC9CEB8-8B4A-11D0-8D11-00A0C91BC942}") = "ZERO_CHECK", "ZERO_CHECK.vcxproj", "{2DEE2D8F-FCB6-31E9-BF4D-79BB5B421138}"
	ProjectSection(ProjectDependencies) = postProject
	EndProjectSection
EndProject
Project("{8BC9CEB8-8B4A-11D0-8D11-00A0C91BC942}") = "embedding_test", "src\coreclr-embedding-test\embedding_test.vcxproj", "{536752BA-DF5D-319C-AE03-4C46BA945618}"
	ProjectSection(ProjectDependencies) = postProject
		{2DEE2D8F-FCB6-31E9-BF4D-79BB5B421138} = {2DEE2D8F-FCB6-31E9-BF4D-79BB5B421138}
	EndProjectSection
EndProject
Global
	GlobalSection(SolutionConfigurationPlatforms) = preSolution
		Debug|x64 = Debug|x64
		Release|x64 = Release|x64
		MinSizeRel|x64 = MinSizeRel|x64
		RelWithDebInfo|x64 = RelWithDebInfo|x64
	EndGlobalSection
	GlobalSection(ProjectConfigurationPlatforms) = postSolution
		{F38D8F4D-57EF-31F1-ACF5-9B9526238EEA}.Debug|x64.ActiveCfg = Debug|x64
		{F38D8F4D-57EF-31F1-ACF5-9B9526238EEA}.Release|x64.ActiveCfg = Release|x64
		{F38D8F4D-57EF-31F1-ACF5-9B9526238EEA}.MinSizeRel|x64.ActiveCfg = MinSizeRel|x64
		{F38D8F4D-57EF-31F1-ACF5-9B9526238EEA}.RelWithDebInfo|x64.ActiveCfg = RelWithDebInfo|x64
		{2DEE2D8F-FCB6-31E9-BF4D-79BB5B421138}.Debug|x64.ActiveCfg = Debug|x64
		{2DEE2D8F-FCB6-31E9-BF4D-79BB5B421138}.Debug|x64.Build.0 = Debug|x64
		{2DEE2D8F-FCB6-31E9-BF4D-79BB5B421138}.Release|x64.ActiveCfg = Release|x64
		{2DEE2D8F-FCB6-31E9-BF4D-79BB5B421138}.Release|x64.Build.0 = Release|x64
		{2DEE2D8F-FCB6-31E9-BF4D-79BB5B421138}.MinSizeRel|x64.ActiveCfg = MinSizeRel|x64
		{2DEE2D8F-FCB6-31E9-BF4D-79BB5B421138}.MinSizeRel|x64.Build.0 = MinSizeRel|x64
		{2DEE2D8F-FCB6-31E9-BF4D-79BB5B421138}.RelWithDebInfo|x64.ActiveCfg = RelWithDebInfo|x64
		{2DEE2D8F-FCB6-31E9-BF4D-79BB5B421138}.RelWithDebInfo|x64.Build.0 = RelWithDebInfo|x64
		{536752BA-DF5D-319C-AE03-4C46BA945618}.Debug|x64.ActiveCfg = Debug|x64
		{536752BA-DF5D-319C-AE03-4C46BA945618}.Debug|x64.Build.0 = Debug|x64
		{536752BA-DF5D-319C-AE03-4C46BA945618}.Release|x64.ActiveCfg = Release|x64
		{536752BA-DF5D-319C-AE03-4C46BA945618}.Release|x64.Build.0 = Release|x64
		{536752BA-DF5D-319C-AE03-4C46BA945618}.MinSizeRel|x64.ActiveCfg = MinSizeRel|x64
		{536752BA-DF5D-319C-AE03-4C46BA945618}.MinSizeRel|x64.Build.0 = MinSizeRel|x64
		{536752BA-DF5D-319C-AE03-4C46BA945618}.RelWithDebInfo|x64.ActiveCfg = RelWithDebInfo|x64
		{536752BA-DF5D-319C-AE03-4C46BA945618}.RelWithDebInfo|x64.Build.0 = RelWithDebInfo|x64
	EndGlobalSection
	GlobalSection(ExtensibilityGlobals) = postSolution
		SolutionGuid = {69C4731E-F000-371C-A749-3A6DA3665B02}
	EndGlobalSection
	GlobalSection(ExtensibilityAddIns) = postSolution
	EndGlobalSection
EndGlobal
